PODS:
  - FBSnapshotTestCase (2.1.4):
    - FBSnapshotTestCase/SwiftSupport (= 2.1.4)
  - FBSnapshotTestCase/Core (2.1.4)
  - FBSnapshotTestCase/SwiftSupport (2.1.4):
    - FBSnapshotTestCase/Core
  - GBDeviceInfo (6.4.0):
    - GBDeviceInfo/Core (= 6.4.0)
  - GBDeviceInfo/Core (6.4.0)
  - Nimble (7.3.4)
  - Nimble-Snapshots (6.3.0):
    - Nimble-Snapshots/Core (= 6.3.0)
  - Nimble-Snapshots/Core (6.3.0):
    - FBSnapshotTestCase (~> 2.0)
    - Nimble (~> 7.0)
  - Quick (1.2.0)
  - SwiftyRuler (0.1.0):
    - GBDeviceInfo (~> 6.4)

DEPENDENCIES:
  - FBSnapshotTestCase (~> 2.1.4)
  - Nimble (~> 7.0)
  - Nimble-Snapshots (~> 6.3.0)
  - Quick (~> 1.2.0)
  - SwiftyRuler (from `../`)

SPEC REPOS:
  trunk:
    - FBSnapshotTestCase
    - GBDeviceInfo
    - Nimble
    - Nimble-Snapshots
    - Quick

EXTERNAL SOURCES:
  SwiftyRuler:
    :path: "../"

SPEC CHECKSUMS:
  FBSnapshotTestCase: 094f9f314decbabe373b87cc339bea235a63e07a
  GBDeviceInfo: f29249891446a392e64b9c9bbef9554aad2a6beb
  Nimble: 051e3d8912d40138fa5591c78594f95fb172af37
  Nimble-Snapshots: f5459b5b091678dc942d03ec4741cacb58ba4a52
  Quick: 58d203b1c5e27fff7229c4c1ae445ad7069a7a08
  SwiftyRuler: ac9460930aed64d72db36066613f343c60fb5c38

PODFILE CHECKSUM: 3af311f065c20a3c44037d93fe968d84dcf9462b

COCOAPODS: 1.9.3
