PODS:
  - GBDeviceInfo (6.4.0):
    - GBDeviceInfo/Core (= 6.4.0)
  - GBDeviceInfo/Core (6.4.0)
  - SnapKit (4.2.0)
  - SwiftyRuler (0.1.0):
    - GBDeviceInfo (~> 6.4)

DEPENDENCIES:
  - SnapKit
  - SwiftyRuler (from `../`)

SPEC REPOS:
  trunk:
    - GBDeviceInfo
    - SnapKit

EXTERNAL SOURCES:
  SwiftyRuler:
    :path: "../"

SPEC CHECKSUMS:
  GBDeviceInfo: f29249891446a392e64b9c9bbef9554aad2a6beb
  SnapKit: fe8a619752f3f27075cc9a90244d75c6c3f27e2a
  SwiftyRuler: 4e442bf17457ad6b3204d94c29e4642c4778a8ad

PODFILE CHECKSUM: 9da54d88e4e9f5721ff46bf38aa5ac4b9cc03aaa

COCOAPODS: 1.11.3
