{
  "object": {
    "pins": [
      {
        "package": "GBDeviceInfo",
        "repositoryURL": "https://github.com/lmirosevic/GBDeviceInfo.git",
        "state": {
          "branch": null,
          "revision": "f746467bc807c4014adf8acbb6524e3326388d73",
          "version": "7.2.0"
        }
      }
    ]
  },
  "version": 1
}
